// !$*UTF8*$!
{
	archiveVersion = 1;
	classes = {
	};
	objectVersion = 46;
	objects = {

/* Begin PBXBuildFile section */
		4BE9767F18561606007960D1 /* Foundation.framework in Frameworks */ = {isa = PBXBuildFile; fileRef = 4BE9767E18561606007960D1 /* Foundation.framework */; };
		4BE9768118561606007960D1 /* CoreGraphics.framework in Frameworks */ = {isa = PBXBuildFile; fileRef = 4BE9768018561606007960D1 /* CoreGraphics.framework */; };
		4BE9768318561606007960D1 /* UIKit.framework in Frameworks */ = {isa = PBXBuildFile; fileRef = 4BE9768218561606007960D1 /* UIKit.framework */; };
		4BE9768918561606007960D1 /* InfoPlist.strings in Resources */ = {isa = PBXBuildFile; fileRef = 4BE9768718561606007960D1 /* InfoPlist.strings */; };
		4BE9768B18561606007960D1 /* main.m in Sources */ = {isa = PBXBuildFile; fileRef = 4BE9768A18561606007960D1 /* main.m */; };
		4BE9768F18561606007960D1 /* AppDelegate.m in Sources */ = {isa = PBXBuildFile; fileRef = 4BE9768E18561606007960D1 /* AppDelegate.m */; };
		4BE9769218561606007960D1 /* Main_iPhone.storyboard in Resources */ = {isa = PBXBuildFile; fileRef = 4BE9769018561606007960D1 /* Main_iPhone.storyboard */; };
		4BE9769518561606007960D1 /* Main_iPad.storyboard in Resources */ = {isa = PBXBuildFile; fileRef = 4BE9769318561606007960D1 /* Main_iPad.storyboard */; };
		4BE9769818561606007960D1 /* ViewController.m in Sources */ = {isa = PBXBuildFile; fileRef = 4BE9769718561606007960D1 /* ViewController.m */; };
		4BE9769A18561606007960D1 /* Images.xcassets in Resources */ = {isa = PBXBuildFile; fileRef = 4BE9769918561606007960D1 /* Images.xcassets */; };
		4BE976A118561607007960D1 /* XCTest.framework in Frameworks */ = {isa = PBXBuildFile; fileRef = 4BE976A018561607007960D1 /* XCTest.framework */; };
		4BE976A218561607007960D1 /* Foundation.framework in Frameworks */ = {isa = PBXBuildFile; fileRef = 4BE9767E18561606007960D1 /* Foundation.framework */; };
		4BE976A318561607007960D1 /* UIKit.framework in Frameworks */ = {isa = PBXBuildFile; fileRef = 4BE9768218561606007960D1 /* UIKit.framework */; };
		4BE976AB18561607007960D1 /* InfoPlist.strings in Resources */ = {isa = PBXBuildFile; fileRef = 4BE976A918561607007960D1 /* InfoPlist.strings */; };
		4BE976AD18561607007960D1 /* TestAppTests.m in Sources */ = {isa = PBXBuildFile; fileRef = 4BE976AC18561607007960D1 /* TestAppTests.m */; };
/* End PBXBuildFile section */

/* Begin PBXContainerItemProxy section */
		4BE976A418561607007960D1 /* PBXContainerItemProxy */ = {
			isa = PBXContainerItemProxy;
			containerPortal = 4BE9767318561606007960D1 /* Project object */;
			proxyType = 1;
			remoteGlobalIDString = 4BE9767A18561606007960D1;
			remoteInfo = TestApp;
		};
/* End PBXContainerItemProxy section */

/* Begin PBXFileReference section */
		4BE9767B18561606007960D1 /* TestApp.app */ = {isa = PBXFileReference; explicitFileType = wrapper.application; includeInIndex = 0; path = TestApp.app; sourceTree = BUILT_PRODUCTS_DIR; };
		4BE9767E18561606007960D1 /* Foundation.framework */ = {isa = PBXFileReference; lastKnownFileType = wrapper.framework; name = Foundation.framework; path = System/Library/Frameworks/Foundation.framework; sourceTree = SDKROOT; };
		4BE9768018561606007960D1 /* CoreGraphics.framework */ = {isa = PBXFileReference; lastKnownFileType = wrapper.framework; name = CoreGraphics.framework; path = System/Library/Frameworks/CoreGraphics.framework; sourceTree = SDKROOT; };
		4BE9768218561606007960D1 /* UIKit.framework */ = {isa = PBXFileReference; lastKnownFileType = wrapper.framework; name = UIKit.framework; path = System/Library/Frameworks/UIKit.framework; sourceTree = SDKROOT; };
		4BE9768618561606007960D1 /* TestApp-Info.plist */ = {isa = PBXFileReference; lastKnownFileType = text.plist.xml; path = "TestApp-Info.plist"; sourceTree = "<group>"; };
		4BE9768818561606007960D1 /* en */ = {isa = PBXFileReference; lastKnownFileType = text.plist.strings; name = en; path = en.lproj/InfoPlist.strings; sourceTree = "<group>"; };
		4BE9768A18561606007960D1 /* main.m */ = {isa = PBXFileReference; lastKnownFileType = sourcecode.c.objc; path = main.m; sourceTree = "<group>"; };
		4BE9768C18561606007960D1 /* TestApp-Prefix.pch */ = {isa = PBXFileReference; lastKnownFileType = sourcecode.c.h; path = "TestApp-Prefix.pch"; sourceTree = "<group>"; };
		4BE9768D18561606007960D1 /* AppDelegate.h */ = {isa = PBXFileReference; lastKnownFileType = sourcecode.c.h; path = AppDelegate.h; sourceTree = "<group>"; };
		4BE9768E18561606007960D1 /* AppDelegate.m */ = {isa = PBXFileReference; lastKnownFileType = sourcecode.c.objc; path = AppDelegate.m; sourceTree = "<group>"; };
		4BE9769118561606007960D1 /* Base */ = {isa = PBXFileReference; lastKnownFileType = file.storyboard; name = Base; path = Base.lproj/Main_iPhone.storyboard; sourceTree = "<group>"; };
		4BE9769418561606007960D1 /* Base */ = {isa = PBXFileReference; lastKnownFileType = file.storyboard; name = Base; path = Base.lproj/Main_iPad.storyboard; sourceTree = "<group>"; };
		4BE9769618561606007960D1 /* ViewController.h */ = {isa = PBXFileReference; lastKnownFileType = sourcecode.c.h; path = ViewController.h; sourceTree = "<group>"; };
		4BE9769718561606007960D1 /* ViewController.m */ = {isa = PBXFileReference; lastKnownFileType = sourcecode.c.objc; path = ViewController.m; sourceTree = "<group>"; };
		4BE9769918561606007960D1 /* Images.xcassets */ = {isa = PBXFileReference; lastKnownFileType = folder.assetcatalog; path = Images.xcassets; sourceTree = "<group>"; };
		4BE9769F18561607007960D1 /* TestAppTests.xctest */ = {isa = PBXFileReference; explicitFileType = wrapper.cfbundle; includeInIndex = 0; path = TestAppTests.xctest; sourceTree = BUILT_PRODUCTS_DIR; };
		4BE976A018561607007960D1 /* XCTest.framework */ = {isa = PBXFileReference; lastKnownFileType = wrapper.framework; name = XCTest.framework; path = Library/Frameworks/XCTest.framework; sourceTree = DEVELOPER_DIR; };
		4BE976A818561607007960D1 /* TestAppTests-Info.plist */ = {isa = PBXFileReference; lastKnownFileType = text.plist.xml; path = "TestAppTests-Info.plist"; sourceTree = "<group>"; };
		4BE976AA18561607007960D1 /* en */ = {isa = PBXFileReference; lastKnownFileType = text.plist.strings; name = en; path = en.lproj/InfoPlist.strings; sourceTree = "<group>"; };
		4BE976AC18561607007960D1 /* TestAppTests.m */ = {isa = PBXFileReference; lastKnownFileType = sourcecode.c.objc; path = TestAppTests.m; sourceTree = "<group>"; };
/* End PBXFileReference section */

/* Begin PBXFrameworksBuildPhase section */
		4BE9767818561606007960D1 /* Frameworks */ = {
			isa = PBXFrameworksBuildPhase;
			buildActionMask = 2147483647;
			files = (
				4BE9768118561606007960D1 /* CoreGraphics.framework in Frameworks */,
				4BE9768318561606007960D1 /* UIKit.framework in Frameworks */,
				4BE9767F18561606007960D1 /* Foundation.framework in Frameworks */,
			);
			runOnlyForDeploymentPostprocessing = 0;
		};
		4BE9769C18561607007960D1 /* Frameworks */ = {
			isa = PBXFrameworksBuildPhase;
			buildActionMask = 2147483647;
			files = (
				4BE976A118561607007960D1 /* XCTest.framework in Frameworks */,
				4BE976A318561607007960D1 /* UIKit.framework in Frameworks */,
				4BE976A218561607007960D1 /* Foundation.framework in Frameworks */,
			);
			runOnlyForDeploymentPostprocessing = 0;
		};
/* End PBXFrameworksBuildPhase section */

/* Begin PBXGroup section */
		4BE9767218561606007960D1 = {
			isa = PBXGroup;
			children = (
				4BE9768418561606007960D1 /* TestApp */,
				4BE976A618561607007960D1 /* TestAppTests */,
				4BE9767D18561606007960D1 /* Frameworks */,
				4BE9767C18561606007960D1 /* Products */,
			);
			sourceTree = "<group>";
		};
		4BE9767C18561606007960D1 /* Products */ = {
			isa = PBXGroup;
			children = (
				4BE9767B18561606007960D1 /* TestApp.app */,
				4BE9769F18561607007960D1 /* TestAppTests.xctest */,
			);
			name = Products;
			sourceTree = "<group>";
		};
		4BE9767D18561606007960D1 /* Frameworks */ = {
			isa = PBXGroup;
			children = (
				4BE9767E18561606007960D1 /* Foundation.framework */,
				4BE9768018561606007960D1 /* CoreGraphics.framework */,
				4BE9768218561606007960D1 /* UIKit.framework */,
				4BE976A018561607007960D1 /* XCTest.framework */,
			);
			name = Frameworks;
			sourceTree = "<group>";
		};
		4BE9768418561606007960D1 /* TestApp */ = {
			isa = PBXGroup;
			children = (
				4BE9768D18561606007960D1 /* AppDelegate.h */,
				4BE9768E18561606007960D1 /* AppDelegate.m */,
				4BE9769018561606007960D1 /* Main_iPhone.storyboard */,
				4BE9769318561606007960D1 /* Main_iPad.storyboard */,
				4BE9769618561606007960D1 /* ViewController.h */,
				4BE9769718561606007960D1 /* ViewController.m */,
				4BE9769918561606007960D1 /* Images.xcassets */,
				4BE9768518561606007960D1 /* Supporting Files */,
			);
			path = TestApp;
			sourceTree = "<group>";
		};
		4BE9768518561606007960D1 /* Supporting Files */ = {
			isa = PBXGroup;
			children = (
				4BE9768618561606007960D1 /* TestApp-Info.plist */,
				4BE9768718561606007960D1 /* InfoPlist.strings */,
				4BE9768A18561606007960D1 /* main.m */,
				4BE9768C18561606007960D1 /* TestApp-Prefix.pch */,
			);
			name = "Supporting Files";
			sourceTree = "<group>";
		};
		4BE976A618561607007960D1 /* TestAppTests */ = {
			isa = PBXGroup;
			children = (
				4BE976AC18561607007960D1 /* TestAppTests.m */,
				4BE976A718561607007960D1 /* Supporting Files */,
			);
			path = TestAppTests;
			sourceTree = "<group>";
		};
		4BE976A718561607007960D1 /* Supporting Files */ = {
			isa = PBXGroup;
			children = (
				4BE976A818561607007960D1 /* TestAppTests-Info.plist */,
				4BE976A918561607007960D1 /* InfoPlist.strings */,
			);
			name = "Supporting Files";
			sourceTree = "<group>";
		};
/* End PBXGroup section */

/* Begin PBXNativeTarget section */
		4BE9767A18561606007960D1 /* TestApp */ = {
			isa = PBXNativeTarget;
			buildConfigurationList = 4BE976B018561607007960D1 /* Build configuration list for PBXNativeTarget "TestApp" */;
			buildPhases = (
				4BE9767718561606007960D1 /* Sources */,
				4BE9767818561606007960D1 /* Frameworks */,
				4BE9767918561606007960D1 /* Resources */,
			);
			buildRules = (
			);
			dependencies = (
			);
			name = TestApp;
			productName = TestApp;
			productReference = 4BE9767B18561606007960D1 /* TestApp.app */;
			productType = "com.apple.product-type.application";
		};
		4BE9769E18561607007960D1 /* TestAppTests */ = {
			isa = PBXNativeTarget;
			buildConfigurationList = 4BE976B318561607007960D1 /* Build configuration list for PBXNativeTarget "TestAppTests" */;
			buildPhases = (
				4BE9769B18561607007960D1 /* Sources */,
				4BE9769C18561607007960D1 /* Frameworks */,
				4BE9769D18561607007960D1 /* Resources */,
			);
			buildRules = (
			);
			dependencies = (
				4BE976A518561607007960D1 /* PBXTargetDependency */,
			);
			name = TestAppTests;
			productName = TestAppTests;
			productReference = 4BE9769F18561607007960D1 /* TestAppTests.xctest */;
			productType = "com.apple.product-type.bundle.unit-test";
		};
/* End PBXNativeTarget section */

/* Begin PBXProject section */
		4BE9767318561606007960D1 /* Project object */ = {
			isa = PBXProject;
			attributes = {
				LastUpgradeCheck = 0500;
				ORGANIZATIONNAME = "Ben Rust";
				TargetAttributes = {
					4BE9769E18561607007960D1 = {
						TestTargetID = 4BE9767A18561606007960D1;
					};
				};
			};
			buildConfigurationList = 4BE9767618561606007960D1 /* Build configuration list for PBXProject "TestApp" */;
			compatibilityVersion = "Xcode 3.2";
			developmentRegion = English;
			hasScannedForEncodings = 0;
			knownRegions = (
				en,
				Base,
			);
			mainGroup = 4BE9767218561606007960D1;
			productRefGroup = 4BE9767C18561606007960D1 /* Products */;
			projectDirPath = "";
			projectRoot = "";
			targets = (
				4BE9767A18561606007960D1 /* TestApp */,
				4BE9769E18561607007960D1 /* TestAppTests */,
			);
		};
/* End PBXProject section */

/* Begin PBXResourcesBuildPhase section */
		4BE9767918561606007960D1 /* Resources */ = {
			isa = PBXResourcesBuildPhase;
			buildActionMask = 2147483647;
			files = (
				4BE9769518561606007960D1 /* Main_iPad.storyboard in Resources */,
				4BE9769A18561606007960D1 /* Images.xcassets in Resources */,
				4BE9769218561606007960D1 /* Main_iPhone.storyboard in Resources */,
				4BE9768918561606007960D1 /* InfoPlist.strings in Resources */,
			);
			runOnlyForDeploymentPostprocessing = 0;
		};
		4BE9769D18561607007960D1 /* Resources */ = {
			isa = PBXResourcesBuildPhase;
			buildActionMask = 2147483647;
			files = (
				4BE976AB18561607007960D1 /* InfoPlist.strings in Resources */,
			);
			runOnlyForDeploymentPostprocessing = 0;
		};
/* End PBXResourcesBuildPhase section */

/* Begin PBXSourcesBuildPhase section */
		4BE9767718561606007960D1 /* Sources */ = {
			isa = PBXSourcesBuildPhase;
			buildActionMask = 2147483647;
			files = (
				4BE9769818561606007960D1 /* ViewController.m in Sources */,
				4BE9768F18561606007960D1 /* AppDelegate.m in Sources */,
				4BE9768B18561606007960D1 /* main.m in Sources */,
			);
			runOnlyForDeploymentPostprocessing = 0;
		};
		4BE9769B18561607007960D1 /* Sources */ = {
			isa = PBXSourcesBuildPhase;
			buildActionMask = 2147483647;
			files = (
				4BE976AD18561607007960D1 /* TestAppTests.m in Sources */,
			);
			runOnlyForDeploymentPostprocessing = 0;
		};
/* End PBXSourcesBuildPhase section */

/* Begin PBXTargetDependency section */
		4BE976A518561607007960D1 /* PBXTargetDependency */ = {
			isa = PBXTargetDependency;
			target = 4BE9767A18561606007960D1 /* TestApp */;
			targetProxy = 4BE976A418561607007960D1 /* PBXContainerItemProxy */;
		};
/* End PBXTargetDependency section */

/* Begin PBXVariantGroup section */
		4BE9768718561606007960D1 /* InfoPlist.strings */ = {
			isa = PBXVariantGroup;
			children = (
				4BE9768818561606007960D1 /* en */,
			);
			name = InfoPlist.strings;
			sourceTree = "<group>";
		};
		4BE9769018561606007960D1 /* Main_iPhone.storyboard */ = {
			isa = PBXVariantGroup;
			children = (
				4BE9769118561606007960D1 /* Base */,
			);
			name = Main_iPhone.storyboard;
			sourceTree = "<group>";
		};
		4BE9769318561606007960D1 /* Main_iPad.storyboard */ = {
			isa = PBXVariantGroup;
			children = (
				4BE9769418561606007960D1 /* Base */,
			);
			name = Main_iPad.storyboard;
			sourceTree = "<group>";
		};
		4BE976A918561607007960D1 /* InfoPlist.strings */ = {
			isa = PBXVariantGroup;
			children = (
				4BE976AA18561607007960D1 /* en */,
			);
			name = InfoPlist.strings;
			sourceTree = "<group>";
		};
/* End PBXVariantGroup section */

/* Begin XCBuildConfiguration section */
		4BE976AE18561607007960D1 /* Debug */ = {
			isa = XCBuildConfiguration;
			buildSettings = {
				ALWAYS_SEARCH_USER_PATHS = NO;
				ARCHS = "$(ARCHS_STANDARD_INCLUDING_64_BIT)";
				CLANG_CXX_LANGUAGE_STANDARD = "gnu++0x";
				CLANG_CXX_LIBRARY = "libc++";
				CLANG_ENABLE_MODULES = YES;
				CLANG_ENABLE_OBJC_ARC = YES;
				CLANG_WARN_BOOL_CONVERSION = YES;
				CLANG_WARN_CONSTANT_CONVERSION = YES;
				CLANG_WARN_DIRECT_OBJC_ISA_USAGE = YES_ERROR;
				CLANG_WARN_EMPTY_BODY = YES;
				CLANG_WARN_ENUM_CONVERSION = YES;
				CLANG_WARN_INT_CONVERSION = YES;
				CLANG_WARN_OBJC_ROOT_CLASS = YES_ERROR;
				CLANG_WARN__DUPLICATE_METHOD_MATCH = YES;
				"CODE_SIGN_IDENTITY[sdk=iphoneos*]" = "iPhone Developer";
				COPY_PHASE_STRIP = NO;
				GCC_C_LANGUAGE_STANDARD = gnu99;
				GCC_DYNAMIC_NO_PIC = NO;
				GCC_OPTIMIZATION_LEVEL = 0;
				GCC_PREPROCESSOR_DEFINITIONS = (
					"DEBUG=1",
					"$(inherited)",
				);
				GCC_SYMBOLS_PRIVATE_EXTERN = NO;
				GCC_WARN_64_TO_32_BIT_CONVERSION = YES;
				GCC_WARN_ABOUT_RETURN_TYPE = YES_ERROR;
				GCC_WARN_UNDECLARED_SELECTOR = YES;
				GCC_WARN_UNINITIALIZED_AUTOS = YES;
				GCC_WARN_UNUSED_FUNCTION = YES;
				GCC_WARN_UNUSED_VARIABLE = YES;
				IPHONEOS_DEPLOYMENT_TARGET = 7.0;
				ONLY_ACTIVE_ARCH = YES;
				SDKROOT = iphoneos;
				TARGETED_DEVICE_FAMILY = "1,2";
			};
			name = Debug;
		};
		4BE976AF18561607007960D1 /* Release */ = {
			isa = XCBuildConfiguration;
			buildSettings = {
				ALWAYS_SEARCH_USER_PATHS = NO;
				ARCHS = "$(ARCHS_STANDARD_INCLUDING_64_BIT)";
				CLANG_CXX_LANGUAGE_STANDARD = "gnu++0x";
				CLANG_CXX_LIBRARY = "libc++";
				CLANG_ENABLE_MODULES = YES;
				CLANG_ENABLE_OBJC_ARC = YES;
				CLANG_WARN_BOOL_CONVERSION = YES;
				CLANG_WARN_CONSTANT_CONVERSION = YES;
				CLANG_WARN_DIRECT_OBJC_ISA_USAGE = YES_ERROR;
				CLANG_WARN_EMPTY_BODY = YES;
				CLANG_WARN_ENUM_CONVERSION = YES;
				CLANG_WARN_INT_CONVERSION = YES;
				CLANG_WARN_OBJC_ROOT_CLASS = YES_ERROR;
				CLANG_WARN__DUPLICATE_METHOD_MATCH = YES;
				"CODE_SIGN_IDENTITY[sdk=iphoneos*]" = "iPhone Developer";
				COPY_PHASE_STRIP = YES;
				ENABLE_NS_ASSERTIONS = NO;
				GCC_C_LANGUAGE_STANDARD = gnu99;
				GCC_WARN_64_TO_32_BIT_CONVERSION = YES;
				GCC_WARN_ABOUT_RETURN_TYPE = YES_ERROR;
				GCC_WARN_UNDECLARED_SELECTOR = YES;
				GCC_WARN_UNINITIALIZED_AUTOS = YES;
				GCC_WARN_UNUSED_FUNCTION = YES;
				GCC_WARN_UNUSED_VARIABLE = YES;
				IPHONEOS_DEPLOYMENT_TARGET = 7.0;
				SDKROOT = iphoneos;
				TARGETED_DEVICE_FAMILY = "1,2";
				VALIDATE_PRODUCT = YES;
			};
			name = Release;
		};
		4BE976B118561607007960D1 /* Debug */ = {
			isa = XCBuildConfiguration;
			buildSettings = {
				ASSETCATALOG_COMPILER_APPICON_NAME = AppIcon;
				ASSETCATALOG_COMPILER_LAUNCHIMAGE_NAME = LaunchImage;
				GCC_PRECOMPILE_PREFIX_HEADER = YES;
				GCC_PREFIX_HEADER = "TestApp/TestApp-Prefix.pch";
				INFOPLIST_FILE = "TestApp/TestApp-Info.plist";
				PRODUCT_NAME = "$(TARGET_NAME)";
				WRAPPER_EXTENSION = app;
			};
			name = Debug;
		};
		4BE976B218561607007960D1 /* Release */ = {
			isa = XCBuildConfiguration;
			buildSettings = {
				ASSETCATALOG_COMPILER_APPICON_NAME = AppIcon;
				ASSETCATALOG_COMPILER_LAUNCHIMAGE_NAME = LaunchImage;
				GCC_PRECOMPILE_PREFIX_HEADER = YES;
				GCC_PREFIX_HEADER = "TestApp/TestApp-Prefix.pch";
				INFOPLIST_FILE = "TestApp/TestApp-Info.plist";
				PRODUCT_NAME = "$(TARGET_NAME)";
				WRAPPER_EXTENSION = app;
			};
			name = Release;
		};
		4BE976B418561607007960D1 /* Debug */ = {
			isa = XCBuildConfiguration;
			buildSettings = {
				ARCHS = "$(ARCHS_STANDARD_INCLUDING_64_BIT)";
				BUNDLE_LOADER = "$(BUILT_PRODUCTS_DIR)/TestApp.app/TestApp";
				FRAMEWORK_SEARCH_PATHS = (
					"$(SDKROOT)/Developer/Library/Frameworks",
					"$(inherited)",
					"$(DEVELOPER_FRAMEWORKS_DIR)",
				);
				GCC_PRECOMPILE_PREFIX_HEADER = YES;
				GCC_PREFIX_HEADER = "TestApp/TestApp-Prefix.pch";
				GCC_PREPROCESSOR_DEFINITIONS = (
					"DEBUG=1",
					"$(inherited)",
				);
				INFOPLIST_FILE = "TestAppTests/TestAppTests-Info.plist";
				PRODUCT_NAME = "$(TARGET_NAME)";
				TEST_HOST = "$(BUNDLE_LOADER)";
				WRAPPER_EXTENSION = xctest;
			};
			name = Debug;
		};
		4BE976B518561607007960D1 /* Release */ = {
			isa = XCBuildConfiguration;
			buildSettings = {
				ARCHS = "$(ARCHS_STANDARD_INCLUDING_64_BIT)";
				BUNDLE_LOADER = "$(BUILT_PRODUCTS_DIR)/TestApp.app/TestApp";
				FRAMEWORK_SEARCH_PATHS = (
					"$(SDKROOT)/Developer/Library/Frameworks",
					"$(inherited)",
					"$(DEVELOPER_FRAMEWORKS_DIR)",
				);
				GCC_PRECOMPILE_PREFIX_HEADER = YES;
				GCC_PREFIX_HEADER = "TestApp/TestApp-Prefix.pch";
				INFOPLIST_FILE = "TestAppTests/TestAppTests-Info.plist";
				PRODUCT_NAME = "$(TARGET_NAME)";
				TEST_HOST = "$(BUNDLE_LOADER)";
				WRAPPER_EXTENSION = xctest;
			};
			name = Release;
		};
/* End XCBuildConfiguration section */

/* Begin XCConfigurationList section */
		4BE9767618561606007960D1 /* Build configuration list for PBXProject "TestApp" */ = {
			isa = XCConfigurationList;
			buildConfigurations = (
				4BE976AE18561607007960D1 /* Debug */,
				4BE976AF18561607007960D1 /* Release */,
			);
			defaultConfigurationIsVisible = 0;
			defaultConfigurationName = Release;
		};
		4BE976B018561607007960D1 /* Build configuration list for PBXNativeTarget "TestApp" */ = {
			isa = XCConfigurationList;
			buildConfigurations = (
				4BE976B118561607007960D1 /* Debug */,
				4BE976B218561607007960D1 /* Release */,
			);
			defaultConfigurationIsVisible = 0;
		};
		4BE976B318561607007960D1 /* Build configuration list for PBXNativeTarget "TestAppTests" */ = {
			isa = XCConfigurationList;
			buildConfigurations = (
				4BE976B418561607007960D1 /* Debug */,
				4BE976B518561607007960D1 /* Release */,
			);
			defaultConfigurationIsVisible = 0;
		};
/* End XCConfigurationList section */
	};
	rootObject = 4BE9767318561606007960D1 /* Project object */;
}
